{
  "originHash" : "d1678d585391dfc715a1862c75f4c1da11e732807bd9c13ec51b44f1133193bf",
  "pins" : [
    {
      "identity" : "defaults",
      "kind" : "remoteSourceControl",
      "location" : "https://github.com/sindresorhus/Defaults",
      "state" : {
        "revision" : "38925e3cfacf3fb89a81a35b1cd44fd5a5b7e0fa"
      }
    },
    {
      "identity" : "keyboardshortcuts",
      "kind" : "remoteSourceControl",
      "location" : "https://github.com/sindresorhus/KeyboardShortcuts",
      "state" : {
        "revision" : "8c90a95cb9f94d5c26182cb7d447c54ba5416984",
        "version" : "1.9.4"
      }
    },
    {
      "identity" : "launchatlogin",
      "kind" : "remoteSourceControl",
      "location" : "https://github.com/sindresorhus/LaunchAtLogin",
      "state" : {
        "revision" : "d811817ce35d74872a1170c851cab243a2b8b559"
      }
    },
    {
      "identity" : "sparkle",
      "kind" : "remoteSourceControl",
      "location" : "https://github.com/sparkle-project/Sparkle",
      "state" : {
        "revision" : "6276ba2b404829d139c45ff98427cf90e2efc59b",
        "version" : "2.9.2"
      }
    }
  ],
  "version" : 3
}
